
Microsoft Visual Studio Solution File, Format Version 12.00
# Visual Studio 14
VisualStudioVersion = 14.0.24720.0
MinimumVisualStudioVersion = 10.0.40219.1
Project("{FAE04EC0-301F-11D3-BF4B-00C04F79EFBC}") = "Task01", "Task01\Task01.csproj", "{444E4B03-51B6-4E31-A1F9-07F6E18DE29F}"
EndProject
Project("{FAE04EC0-301F-11D3-BF4B-00C04F79EFBC}") = "Task02", "Task02\Task02.csproj", "{34748C30-86D9-4E63-8AC8-2573F1822235}"
EndProject
Project("{FAE04EC0-301F-11D3-BF4B-00C04F79EFBC}") = "Task03", "Task03\Task03.csproj", "{CA73580C-24E1-4AFE-B969-7A5411E37786}"
EndProject
Project("{FAE04EC0-301F-11D3-BF4B-00C04F79EFBC}") = "Task04", "Task04\Task04.csproj", "{8E785E8A-0D42-49F4-A324-F1BC0F72B3FF}"
EndProject
Project("{FAE04EC0-301F-11D3-BF4B-00C04F79EFBC}") = "Task05", "Task05\Task05.csproj", "{B5456A72-2D80-4A03-A5F0-5AA62FBD449D}"
EndProject
Project("{FAE04EC0-301F-11D3-BF4B-00C04F79EFBC}") = "Task06", "Task06\Task06.csproj", "{388C88D3-79C1-453B-B525-94A63A4D986D}"
EndProject
Project("{FAE04EC0-301F-11D3-BF4B-00C04F79EFBC}") = "Task07", "Task07\Task07.csproj", "{5916DB5B-58BE-4314-A846-6842452DFD65}"
EndProject
Project("{FAE04EC0-301F-11D3-BF4B-00C04F79EFBC}") = "Task11", "Task11\Task11.csproj", "{936D4C38-9A52-4D63-ADED-33C5CD7C252D}"
EndProject
Project("{FAE04EC0-301F-11D3-BF4B-00C04F79EFBC}") = "Task08", "Task08\Task08.csproj", "{8DD97903-E66E-43A6-A934-09D752EBAFC5}"
EndProject
Project("{FAE04EC0-301F-11D3-BF4B-00C04F79EFBC}") = "Task09", "Task09\Task09.csproj", "{559E2A44-3F87-4BB6-8C6A-2B5D67A6DD8C}"
EndProject
Project("{FAE04EC0-301F-11D3-BF4B-00C04F79EFBC}") = "Task10", "Task10\Task10.csproj", "{FA9C17A7-BD9A-4FAB-92A2-B41656E63505}"
EndProject
Project("{FAE04EC0-301F-11D3-BF4B-00C04F79EFBC}") = "Task12", "Task12\Task12.csproj", "{16AAADFE-0468-4C48-A46D-7506FA8AA8A6}"
EndProject
Global
	GlobalSection(SolutionConfigurationPlatforms) = preSolution
		Debug|Any CPU = Debug|Any CPU
		Release|Any CPU = Release|Any CPU
	EndGlobalSection
	GlobalSection(ProjectConfigurationPlatforms) = postSolution
		{444E4B03-51B6-4E31-A1F9-07F6E18DE29F}.Debug|Any CPU.ActiveCfg = Debug|Any CPU
		{444E4B03-51B6-4E31-A1F9-07F6E18DE29F}.Debug|Any CPU.Build.0 = Debug|Any CPU
		{444E4B03-51B6-4E31-A1F9-07F6E18DE29F}.Release|Any CPU.ActiveCfg = Release|Any CPU
		{444E4B03-51B6-4E31-A1F9-07F6E18DE29F}.Release|Any CPU.Build.0 = Release|Any CPU
		{34748C30-86D9-4E63-8AC8-2573F1822235}.Debug|Any CPU.ActiveCfg = Debug|Any CPU
		{34748C30-86D9-4E63-8AC8-2573F1822235}.Debug|Any CPU.Build.0 = Debug|Any CPU
		{34748C30-86D9-4E63-8AC8-2573F1822235}.Release|Any CPU.ActiveCfg = Release|Any CPU
		{34748C30-86D9-4E63-8AC8-2573F1822235}.Release|Any CPU.Build.0 = Release|Any CPU
		{CA73580C-24E1-4AFE-B969-7A5411E37786}.Debug|Any CPU.ActiveCfg = Debug|Any CPU
		{CA73580C-24E1-4AFE-B969-7A5411E37786}.Debug|Any CPU.Build.0 = Debug|Any CPU
		{CA73580C-24E1-4AFE-B969-7A5411E37786}.Release|Any CPU.ActiveCfg = Release|Any CPU
		{CA73580C-24E1-4AFE-B969-7A5411E37786}.Release|Any CPU.Build.0 = Release|Any CPU
		{8E785E8A-0D42-49F4-A324-F1BC0F72B3FF}.Debug|Any CPU.ActiveCfg = Debug|Any CPU
		{8E785E8A-0D42-49F4-A324-F1BC0F72B3FF}.Debug|Any CPU.Build.0 = Debug|Any CPU
		{8E785E8A-0D42-49F4-A324-F1BC0F72B3FF}.Release|Any CPU.ActiveCfg = Release|Any CPU
		{8E785E8A-0D42-49F4-A324-F1BC0F72B3FF}.Release|Any CPU.Build.0 = Release|Any CPU
		{B5456A72-2D80-4A03-A5F0-5AA62FBD449D}.Debug|Any CPU.ActiveCfg = Debug|Any CPU
		{B5456A72-2D80-4A03-A5F0-5AA62FBD449D}.Debug|Any CPU.Build.0 = Debug|Any CPU
		{B5456A72-2D80-4A03-A5F0-5AA62FBD449D}.Release|Any CPU.ActiveCfg = Release|Any CPU
		{B5456A72-2D80-4A03-A5F0-5AA62FBD449D}.Release|Any CPU.Build.0 = Release|Any CPU
		{388C88D3-79C1-453B-B525-94A63A4D986D}.Debug|Any CPU.ActiveCfg = Debug|Any CPU
		{388C88D3-79C1-453B-B525-94A63A4D986D}.Debug|Any CPU.Build.0 = Debug|Any CPU
		{388C88D3-79C1-453B-B525-94A63A4D986D}.Release|Any CPU.ActiveCfg = Release|Any CPU
		{388C88D3-79C1-453B-B525-94A63A4D986D}.Release|Any CPU.Build.0 = Release|Any CPU
		{5916DB5B-58BE-4314-A846-6842452DFD65}.Debug|Any CPU.ActiveCfg = Debug|Any CPU
		{5916DB5B-58BE-4314-A846-6842452DFD65}.Debug|Any CPU.Build.0 = Debug|Any CPU
		{5916DB5B-58BE-4314-A846-6842452DFD65}.Release|Any CPU.ActiveCfg = Release|Any CPU
		{5916DB5B-58BE-4314-A846-6842452DFD65}.Release|Any CPU.Build.0 = Release|Any CPU
		{936D4C38-9A52-4D63-ADED-33C5CD7C252D}.Debug|Any CPU.ActiveCfg = Debug|Any CPU
		{936D4C38-9A52-4D63-ADED-33C5CD7C252D}.Debug|Any CPU.Build.0 = Debug|Any CPU
		{936D4C38-9A52-4D63-ADED-33C5CD7C252D}.Release|Any CPU.ActiveCfg = Release|Any CPU
		{936D4C38-9A52-4D63-ADED-33C5CD7C252D}.Release|Any CPU.Build.0 = Release|Any CPU
		{8DD97903-E66E-43A6-A934-09D752EBAFC5}.Debug|Any CPU.ActiveCfg = Debug|Any CPU
		{8DD97903-E66E-43A6-A934-09D752EBAFC5}.Debug|Any CPU.Build.0 = Debug|Any CPU
		{8DD97903-E66E-43A6-A934-09D752EBAFC5}.Release|Any CPU.ActiveCfg = Release|Any CPU
		{8DD97903-E66E-43A6-A934-09D752EBAFC5}.Release|Any CPU.Build.0 = Release|Any CPU
		{559E2A44-3F87-4BB6-8C6A-2B5D67A6DD8C}.Debug|Any CPU.ActiveCfg = Debug|Any CPU
		{559E2A44-3F87-4BB6-8C6A-2B5D67A6DD8C}.Debug|Any CPU.Build.0 = Debug|Any CPU
		{559E2A44-3F87-4BB6-8C6A-2B5D67A6DD8C}.Release|Any CPU.ActiveCfg = Release|Any CPU
		{559E2A44-3F87-4BB6-8C6A-2B5D67A6DD8C}.Release|Any CPU.Build.0 = Release|Any CPU
		{FA9C17A7-BD9A-4FAB-92A2-B41656E63505}.Debug|Any CPU.ActiveCfg = Debug|Any CPU
		{FA9C17A7-BD9A-4FAB-92A2-B41656E63505}.Debug|Any CPU.Build.0 = Debug|Any CPU
		{FA9C17A7-BD9A-4FAB-92A2-B41656E63505}.Release|Any CPU.ActiveCfg = Release|Any CPU
		{FA9C17A7-BD9A-4FAB-92A2-B41656E63505}.Release|Any CPU.Build.0 = Release|Any CPU
		{16AAADFE-0468-4C48-A46D-7506FA8AA8A6}.Debug|Any CPU.ActiveCfg = Debug|Any CPU
		{16AAADFE-0468-4C48-A46D-7506FA8AA8A6}.Debug|Any CPU.Build.0 = Debug|Any CPU
		{16AAADFE-0468-4C48-A46D-7506FA8AA8A6}.Release|Any CPU.ActiveCfg = Release|Any CPU
		{16AAADFE-0468-4C48-A46D-7506FA8AA8A6}.Release|Any CPU.Build.0 = Release|Any CPU
	EndGlobalSection
	GlobalSection(SolutionProperties) = preSolution
		HideSolutionNode = FALSE
	EndGlobalSection
EndGlobal
