
Microsoft Visual Studio Solution File, Format Version 12.00
# Visual Studio 14
VisualStudioVersion = 14.0.24720.0
MinimumVisualStudioVersion = 10.0.40219.1
Project("{FAE04EC0-301F-11D3-BF4B-00C04F79EFBC}") = "Task01", "Task01\Task01.csproj", "{67EF9D09-DA3C-4426-B0EC-FF6A36735DD6}"
EndProject
Project("{FAE04EC0-301F-11D3-BF4B-00C04F79EFBC}") = "Task02", "Task02\Task02.csproj", "{155EFA74-06DD-42EB-A0B5-2CF8675E5C41}"
EndProject
Project("{FAE04EC0-301F-11D3-BF4B-00C04F79EFBC}") = "Task03", "Task03\Task03.csproj", "{1B8A49BD-40E3-421D-ABCC-666AF386618D}"
EndProject
Project("{FAE04EC0-301F-11D3-BF4B-00C04F79EFBC}") = "Task04", "Task04\Task04.csproj", "{C6D0A1FF-2109-41BC-8C07-BD3C282A63CE}"
EndProject
Project("{FAE04EC0-301F-11D3-BF4B-00C04F79EFBC}") = "Task05", "Task05\Task05.csproj", "{B1BF9508-1C9B-4D24-87DD-6E0B6D7777D4}"
EndProject
Project("{FAE04EC0-301F-11D3-BF4B-00C04F79EFBC}") = "Task06", "Task06\Task06.csproj", "{419E4D00-785C-45D4-8873-FE57FD2CED17}"
EndProject
Project("{FAE04EC0-301F-11D3-BF4B-00C04F79EFBC}") = "Task07", "Task07\Task07.csproj", "{6CEFA8D6-3EB7-4A07-90BF-A37EF84DA3F7}"
EndProject
Project("{FAE04EC0-301F-11D3-BF4B-00C04F79EFBC}") = "Task08", "Task08\Task08.csproj", "{EE1DC1D8-4F80-492E-8D0C-698C2E0BC080}"
EndProject
Project("{FAE04EC0-301F-11D3-BF4B-00C04F79EFBC}") = "Task09", "Task09\Task09.csproj", "{1F428577-98CA-44D1-8C51-F6A8737B3F4A}"
EndProject
Project("{FAE04EC0-301F-11D3-BF4B-00C04F79EFBC}") = "Task10", "Task10\Task10.csproj", "{A25DE591-DB5E-4415-8BFA-EF8DEFDA3C3E}"
EndProject
Project("{FAE04EC0-301F-11D3-BF4B-00C04F79EFBC}") = "Task11", "Task11\Task11.csproj", "{5E6098E3-1392-44E4-81D9-F49762879B1A}"
EndProject
Project("{FAE04EC0-301F-11D3-BF4B-00C04F79EFBC}") = "Task12", "Task12\Task12.csproj", "{FC555D10-67C8-403E-B447-58B6CC619414}"
EndProject
Project("{FAE04EC0-301F-11D3-BF4B-00C04F79EFBC}") = "Task13", "Task13\Task13.csproj", "{24B71117-5490-41DF-A396-81398D5714FF}"
EndProject
Project("{FAE04EC0-301F-11D3-BF4B-00C04F79EFBC}") = "Task14", "Task14\Task14.csproj", "{0DF4D675-718A-4EFA-9C29-DC82903A7944}"
EndProject
Global
	GlobalSection(SolutionConfigurationPlatforms) = preSolution
		Debug|Any CPU = Debug|Any CPU
		Release|Any CPU = Release|Any CPU
	EndGlobalSection
	GlobalSection(ProjectConfigurationPlatforms) = postSolution
		{67EF9D09-DA3C-4426-B0EC-FF6A36735DD6}.Debug|Any CPU.ActiveCfg = Debug|Any CPU
		{67EF9D09-DA3C-4426-B0EC-FF6A36735DD6}.Debug|Any CPU.Build.0 = Debug|Any CPU
		{67EF9D09-DA3C-4426-B0EC-FF6A36735DD6}.Release|Any CPU.ActiveCfg = Release|Any CPU
		{67EF9D09-DA3C-4426-B0EC-FF6A36735DD6}.Release|Any CPU.Build.0 = Release|Any CPU
		{155EFA74-06DD-42EB-A0B5-2CF8675E5C41}.Debug|Any CPU.ActiveCfg = Debug|Any CPU
		{155EFA74-06DD-42EB-A0B5-2CF8675E5C41}.Debug|Any CPU.Build.0 = Debug|Any CPU
		{155EFA74-06DD-42EB-A0B5-2CF8675E5C41}.Release|Any CPU.ActiveCfg = Release|Any CPU
		{155EFA74-06DD-42EB-A0B5-2CF8675E5C41}.Release|Any CPU.Build.0 = Release|Any CPU
		{1B8A49BD-40E3-421D-ABCC-666AF386618D}.Debug|Any CPU.ActiveCfg = Debug|Any CPU
		{1B8A49BD-40E3-421D-ABCC-666AF386618D}.Debug|Any CPU.Build.0 = Debug|Any CPU
		{1B8A49BD-40E3-421D-ABCC-666AF386618D}.Release|Any CPU.ActiveCfg = Release|Any CPU
		{1B8A49BD-40E3-421D-ABCC-666AF386618D}.Release|Any CPU.Build.0 = Release|Any CPU
		{C6D0A1FF-2109-41BC-8C07-BD3C282A63CE}.Debug|Any CPU.ActiveCfg = Debug|Any CPU
		{C6D0A1FF-2109-41BC-8C07-BD3C282A63CE}.Debug|Any CPU.Build.0 = Debug|Any CPU
		{C6D0A1FF-2109-41BC-8C07-BD3C282A63CE}.Release|Any CPU.ActiveCfg = Release|Any CPU
		{C6D0A1FF-2109-41BC-8C07-BD3C282A63CE}.Release|Any CPU.Build.0 = Release|Any CPU
		{B1BF9508-1C9B-4D24-87DD-6E0B6D7777D4}.Debug|Any CPU.ActiveCfg = Debug|Any CPU
		{B1BF9508-1C9B-4D24-87DD-6E0B6D7777D4}.Debug|Any CPU.Build.0 = Debug|Any CPU
		{B1BF9508-1C9B-4D24-87DD-6E0B6D7777D4}.Release|Any CPU.ActiveCfg = Release|Any CPU
		{B1BF9508-1C9B-4D24-87DD-6E0B6D7777D4}.Release|Any CPU.Build.0 = Release|Any CPU
		{419E4D00-785C-45D4-8873-FE57FD2CED17}.Debug|Any CPU.ActiveCfg = Debug|Any CPU
		{419E4D00-785C-45D4-8873-FE57FD2CED17}.Debug|Any CPU.Build.0 = Debug|Any CPU
		{419E4D00-785C-45D4-8873-FE57FD2CED17}.Release|Any CPU.ActiveCfg = Release|Any CPU
		{419E4D00-785C-45D4-8873-FE57FD2CED17}.Release|Any CPU.Build.0 = Release|Any CPU
		{6CEFA8D6-3EB7-4A07-90BF-A37EF84DA3F7}.Debug|Any CPU.ActiveCfg = Debug|Any CPU
		{6CEFA8D6-3EB7-4A07-90BF-A37EF84DA3F7}.Debug|Any CPU.Build.0 = Debug|Any CPU
		{6CEFA8D6-3EB7-4A07-90BF-A37EF84DA3F7}.Release|Any CPU.ActiveCfg = Release|Any CPU
		{6CEFA8D6-3EB7-4A07-90BF-A37EF84DA3F7}.Release|Any CPU.Build.0 = Release|Any CPU
		{EE1DC1D8-4F80-492E-8D0C-698C2E0BC080}.Debug|Any CPU.ActiveCfg = Debug|Any CPU
		{EE1DC1D8-4F80-492E-8D0C-698C2E0BC080}.Debug|Any CPU.Build.0 = Debug|Any CPU
		{EE1DC1D8-4F80-492E-8D0C-698C2E0BC080}.Release|Any CPU.ActiveCfg = Release|Any CPU
		{EE1DC1D8-4F80-492E-8D0C-698C2E0BC080}.Release|Any CPU.Build.0 = Release|Any CPU
		{1F428577-98CA-44D1-8C51-F6A8737B3F4A}.Debug|Any CPU.ActiveCfg = Debug|Any CPU
		{1F428577-98CA-44D1-8C51-F6A8737B3F4A}.Debug|Any CPU.Build.0 = Debug|Any CPU
		{1F428577-98CA-44D1-8C51-F6A8737B3F4A}.Release|Any CPU.ActiveCfg = Release|Any CPU
		{1F428577-98CA-44D1-8C51-F6A8737B3F4A}.Release|Any CPU.Build.0 = Release|Any CPU
		{A25DE591-DB5E-4415-8BFA-EF8DEFDA3C3E}.Debug|Any CPU.ActiveCfg = Debug|Any CPU
		{A25DE591-DB5E-4415-8BFA-EF8DEFDA3C3E}.Debug|Any CPU.Build.0 = Debug|Any CPU
		{A25DE591-DB5E-4415-8BFA-EF8DEFDA3C3E}.Release|Any CPU.ActiveCfg = Release|Any CPU
		{A25DE591-DB5E-4415-8BFA-EF8DEFDA3C3E}.Release|Any CPU.Build.0 = Release|Any CPU
		{5E6098E3-1392-44E4-81D9-F49762879B1A}.Debug|Any CPU.ActiveCfg = Debug|Any CPU
		{5E6098E3-1392-44E4-81D9-F49762879B1A}.Debug|Any CPU.Build.0 = Debug|Any CPU
		{5E6098E3-1392-44E4-81D9-F49762879B1A}.Release|Any CPU.ActiveCfg = Release|Any CPU
		{5E6098E3-1392-44E4-81D9-F49762879B1A}.Release|Any CPU.Build.0 = Release|Any CPU
		{FC555D10-67C8-403E-B447-58B6CC619414}.Debug|Any CPU.ActiveCfg = Debug|Any CPU
		{FC555D10-67C8-403E-B447-58B6CC619414}.Debug|Any CPU.Build.0 = Debug|Any CPU
		{FC555D10-67C8-403E-B447-58B6CC619414}.Release|Any CPU.ActiveCfg = Release|Any CPU
		{FC555D10-67C8-403E-B447-58B6CC619414}.Release|Any CPU.Build.0 = Release|Any CPU
		{24B71117-5490-41DF-A396-81398D5714FF}.Debug|Any CPU.ActiveCfg = Debug|Any CPU
		{24B71117-5490-41DF-A396-81398D5714FF}.Debug|Any CPU.Build.0 = Debug|Any CPU
		{24B71117-5490-41DF-A396-81398D5714FF}.Release|Any CPU.ActiveCfg = Release|Any CPU
		{24B71117-5490-41DF-A396-81398D5714FF}.Release|Any CPU.Build.0 = Release|Any CPU
		{0DF4D675-718A-4EFA-9C29-DC82903A7944}.Debug|Any CPU.ActiveCfg = Debug|Any CPU
		{0DF4D675-718A-4EFA-9C29-DC82903A7944}.Debug|Any CPU.Build.0 = Debug|Any CPU
		{0DF4D675-718A-4EFA-9C29-DC82903A7944}.Release|Any CPU.ActiveCfg = Release|Any CPU
		{0DF4D675-718A-4EFA-9C29-DC82903A7944}.Release|Any CPU.Build.0 = Release|Any CPU
	EndGlobalSection
	GlobalSection(SolutionProperties) = preSolution
		HideSolutionNode = FALSE
	EndGlobalSection
EndGlobal
