
Microsoft Visual Studio Solution File, Format Version 12.00
# Visual Studio 14
VisualStudioVersion = 14.0.24720.0
MinimumVisualStudioVersion = 10.0.40219.1
Project("{FAE04EC0-301F-11D3-BF4B-00C04F79EFBC}") = "Task01", "Task01\Task01.csproj", "{8172DBD5-531E-4AF7-AFAD-8721C74B14FE}"
EndProject
Project("{FAE04EC0-301F-11D3-BF4B-00C04F79EFBC}") = "Task02", "Task02\Task02.csproj", "{6B943E0B-903A-4553-841D-060E25FD7D93}"
EndProject
Project("{FAE04EC0-301F-11D3-BF4B-00C04F79EFBC}") = "Task04", "Task04\Task04.csproj", "{F9FBDE12-289F-4B50-BE5A-30CF73E9DB81}"
EndProject
Global
	GlobalSection(SolutionConfigurationPlatforms) = preSolution
		Debug|Any CPU = Debug|Any CPU
		Release|Any CPU = Release|Any CPU
	EndGlobalSection
	GlobalSection(ProjectConfigurationPlatforms) = postSolution
		{8172DBD5-531E-4AF7-AFAD-8721C74B14FE}.Debug|Any CPU.ActiveCfg = Debug|Any CPU
		{8172DBD5-531E-4AF7-AFAD-8721C74B14FE}.Debug|Any CPU.Build.0 = Debug|Any CPU
		{8172DBD5-531E-4AF7-AFAD-8721C74B14FE}.Release|Any CPU.ActiveCfg = Release|Any CPU
		{8172DBD5-531E-4AF7-AFAD-8721C74B14FE}.Release|Any CPU.Build.0 = Release|Any CPU
		{6B943E0B-903A-4553-841D-060E25FD7D93}.Debug|Any CPU.ActiveCfg = Debug|Any CPU
		{6B943E0B-903A-4553-841D-060E25FD7D93}.Debug|Any CPU.Build.0 = Debug|Any CPU
		{6B943E0B-903A-4553-841D-060E25FD7D93}.Release|Any CPU.ActiveCfg = Release|Any CPU
		{6B943E0B-903A-4553-841D-060E25FD7D93}.Release|Any CPU.Build.0 = Release|Any CPU
		{F9FBDE12-289F-4B50-BE5A-30CF73E9DB81}.Debug|Any CPU.ActiveCfg = Debug|Any CPU
		{F9FBDE12-289F-4B50-BE5A-30CF73E9DB81}.Debug|Any CPU.Build.0 = Debug|Any CPU
		{F9FBDE12-289F-4B50-BE5A-30CF73E9DB81}.Release|Any CPU.ActiveCfg = Release|Any CPU
		{F9FBDE12-289F-4B50-BE5A-30CF73E9DB81}.Release|Any CPU.Build.0 = Release|Any CPU
	EndGlobalSection
	GlobalSection(SolutionProperties) = preSolution
		HideSolutionNode = FALSE
	EndGlobalSection
EndGlobal
