
Microsoft Visual Studio Solution File, Format Version 12.00
# Visual Studio 14
VisualStudioVersion = 14.0.24720.0
MinimumVisualStudioVersion = 10.0.40219.1
Project("{FAE04EC0-301F-11D3-BF4B-00C04F79EFBC}") = "Builder", "Builder\Builder.csproj", "{BE0FC8E9-40DB-44F8-9D53-925AB76A8E55}"
EndProject
Project("{FAE04EC0-301F-11D3-BF4B-00C04F79EFBC}") = "AbstractFactory", "AbstractFactory\AbstractFactory.csproj", "{C59AF1F2-59AE-455A-8D5D-373806E09852}"
EndProject
Project("{FAE04EC0-301F-11D3-BF4B-00C04F79EFBC}") = "Prototype", "Prototype\Prototype.csproj", "{D400F3C6-906E-4140-9DCC-1670F990EDA0}"
EndProject
Global
	GlobalSection(SolutionConfigurationPlatforms) = preSolution
		Debug|Any CPU = Debug|Any CPU
		Release|Any CPU = Release|Any CPU
	EndGlobalSection
	GlobalSection(ProjectConfigurationPlatforms) = postSolution
		{BE0FC8E9-40DB-44F8-9D53-925AB76A8E55}.Debug|Any CPU.ActiveCfg = Debug|Any CPU
		{BE0FC8E9-40DB-44F8-9D53-925AB76A8E55}.Debug|Any CPU.Build.0 = Debug|Any CPU
		{BE0FC8E9-40DB-44F8-9D53-925AB76A8E55}.Release|Any CPU.ActiveCfg = Release|Any CPU
		{BE0FC8E9-40DB-44F8-9D53-925AB76A8E55}.Release|Any CPU.Build.0 = Release|Any CPU
		{C59AF1F2-59AE-455A-8D5D-373806E09852}.Debug|Any CPU.ActiveCfg = Debug|Any CPU
		{C59AF1F2-59AE-455A-8D5D-373806E09852}.Debug|Any CPU.Build.0 = Debug|Any CPU
		{C59AF1F2-59AE-455A-8D5D-373806E09852}.Release|Any CPU.ActiveCfg = Release|Any CPU
		{C59AF1F2-59AE-455A-8D5D-373806E09852}.Release|Any CPU.Build.0 = Release|Any CPU
		{D400F3C6-906E-4140-9DCC-1670F990EDA0}.Debug|Any CPU.ActiveCfg = Debug|Any CPU
		{D400F3C6-906E-4140-9DCC-1670F990EDA0}.Debug|Any CPU.Build.0 = Debug|Any CPU
		{D400F3C6-906E-4140-9DCC-1670F990EDA0}.Release|Any CPU.ActiveCfg = Release|Any CPU
		{D400F3C6-906E-4140-9DCC-1670F990EDA0}.Release|Any CPU.Build.0 = Release|Any CPU
	EndGlobalSection
	GlobalSection(SolutionProperties) = preSolution
		HideSolutionNode = FALSE
	EndGlobalSection
EndGlobal
