
Microsoft Visual Studio Solution File, Format Version 12.00
# Visual Studio 14
VisualStudioVersion = 14.0.24720.0
MinimumVisualStudioVersion = 10.0.40219.1
Project("{FAE04EC0-301F-11D3-BF4B-00C04F79EFBC}") = "Chat.MongoDb", "Chat.MongoDb\Chat.MongoDb.csproj", "{F7E471D4-3868-431D-A1E1-41EF98CBD71C}"
EndProject
Project("{FAE04EC0-301F-11D3-BF4B-00C04F79EFBC}") = "Chat.Models", "Chat.Models\Chat.Models.csproj", "{369FEB80-A73B-4457-A4D2-B3AAD73C8D0E}"
EndProject
Project("{FAE04EC0-301F-11D3-BF4B-00C04F79EFBC}") = "Chat.ConsoleClient", "Chat.ConsoleClient\Chat.ConsoleClient.csproj", "{BB6F5345-1F6A-4BD9-B471-1014EC46D304}"
EndProject
Global
	GlobalSection(SolutionConfigurationPlatforms) = preSolution
		Debug|Any CPU = Debug|Any CPU
		Release|Any CPU = Release|Any CPU
	EndGlobalSection
	GlobalSection(ProjectConfigurationPlatforms) = postSolution
		{F7E471D4-3868-431D-A1E1-41EF98CBD71C}.Debug|Any CPU.ActiveCfg = Debug|Any CPU
		{F7E471D4-3868-431D-A1E1-41EF98CBD71C}.Debug|Any CPU.Build.0 = Debug|Any CPU
		{F7E471D4-3868-431D-A1E1-41EF98CBD71C}.Release|Any CPU.ActiveCfg = Release|Any CPU
		{F7E471D4-3868-431D-A1E1-41EF98CBD71C}.Release|Any CPU.Build.0 = Release|Any CPU
		{369FEB80-A73B-4457-A4D2-B3AAD73C8D0E}.Debug|Any CPU.ActiveCfg = Debug|Any CPU
		{369FEB80-A73B-4457-A4D2-B3AAD73C8D0E}.Debug|Any CPU.Build.0 = Debug|Any CPU
		{369FEB80-A73B-4457-A4D2-B3AAD73C8D0E}.Release|Any CPU.ActiveCfg = Release|Any CPU
		{369FEB80-A73B-4457-A4D2-B3AAD73C8D0E}.Release|Any CPU.Build.0 = Release|Any CPU
		{BB6F5345-1F6A-4BD9-B471-1014EC46D304}.Debug|Any CPU.ActiveCfg = Debug|Any CPU
		{BB6F5345-1F6A-4BD9-B471-1014EC46D304}.Debug|Any CPU.Build.0 = Debug|Any CPU
		{BB6F5345-1F6A-4BD9-B471-1014EC46D304}.Release|Any CPU.ActiveCfg = Release|Any CPU
		{BB6F5345-1F6A-4BD9-B471-1014EC46D304}.Release|Any CPU.Build.0 = Release|Any CPU
	EndGlobalSection
	GlobalSection(SolutionProperties) = preSolution
		HideSolutionNode = FALSE
	EndGlobalSection
EndGlobal
