
Microsoft Visual Studio Solution File, Format Version 12.00
# Visual Studio 14
VisualStudioVersion = 14.0.24720.0
MinimumVisualStudioVersion = 10.0.40219.1
Project("{FAE04EC0-301F-11D3-BF4B-00C04F79EFBC}") = "Composite", "Composite\Composite.csproj", "{76D62213-2FF1-481D-89A2-7E171F7AE47D}"
EndProject
Project("{FAE04EC0-301F-11D3-BF4B-00C04F79EFBC}") = "Decorator", "Decorator\Decorator.csproj", "{081C7312-4BF1-403E-A363-37F23576AECA}"
EndProject
Project("{FAE04EC0-301F-11D3-BF4B-00C04F79EFBC}") = "Bridge", "Bridge\Bridge.csproj", "{352B32B0-72C8-44D1-A8F4-A976099812DA}"
EndProject
Global
	GlobalSection(SolutionConfigurationPlatforms) = preSolution
		Debug|Any CPU = Debug|Any CPU
		Release|Any CPU = Release|Any CPU
	EndGlobalSection
	GlobalSection(ProjectConfigurationPlatforms) = postSolution
		{76D62213-2FF1-481D-89A2-7E171F7AE47D}.Debug|Any CPU.ActiveCfg = Debug|Any CPU
		{76D62213-2FF1-481D-89A2-7E171F7AE47D}.Debug|Any CPU.Build.0 = Debug|Any CPU
		{76D62213-2FF1-481D-89A2-7E171F7AE47D}.Release|Any CPU.ActiveCfg = Release|Any CPU
		{76D62213-2FF1-481D-89A2-7E171F7AE47D}.Release|Any CPU.Build.0 = Release|Any CPU
		{081C7312-4BF1-403E-A363-37F23576AECA}.Debug|Any CPU.ActiveCfg = Debug|Any CPU
		{081C7312-4BF1-403E-A363-37F23576AECA}.Debug|Any CPU.Build.0 = Debug|Any CPU
		{081C7312-4BF1-403E-A363-37F23576AECA}.Release|Any CPU.ActiveCfg = Release|Any CPU
		{081C7312-4BF1-403E-A363-37F23576AECA}.Release|Any CPU.Build.0 = Release|Any CPU
		{352B32B0-72C8-44D1-A8F4-A976099812DA}.Debug|Any CPU.ActiveCfg = Debug|Any CPU
		{352B32B0-72C8-44D1-A8F4-A976099812DA}.Debug|Any CPU.Build.0 = Debug|Any CPU
		{352B32B0-72C8-44D1-A8F4-A976099812DA}.Release|Any CPU.ActiveCfg = Release|Any CPU
		{352B32B0-72C8-44D1-A8F4-A976099812DA}.Release|Any CPU.Build.0 = Release|Any CPU
	EndGlobalSection
	GlobalSection(SolutionProperties) = preSolution
		HideSolutionNode = FALSE
	EndGlobalSection
EndGlobal
