
Microsoft Visual Studio Solution File, Format Version 12.00
# Visual Studio 14
VisualStudioVersion = 14.0.24720.0
MinimumVisualStudioVersion = 10.0.40219.1
Project("{FAE04EC0-301F-11D3-BF4B-00C04F79EFBC}") = "Task01", "Task01\Task01.csproj", "{473867EA-7AB1-403A-B52C-CE75167A11D5}"
EndProject
Project("{FAE04EC0-301F-11D3-BF4B-00C04F79EFBC}") = "Task02", "Task02\Task02.csproj", "{DA4ED0DC-C625-4A10-97C0-7448C6920AB5}"
EndProject
Project("{FAE04EC0-301F-11D3-BF4B-00C04F79EFBC}") = "Task03", "Task03\Task03.csproj", "{7EE09A35-A389-4D6F-B92E-A72584AF5AAF}"
EndProject
Global
	GlobalSection(SolutionConfigurationPlatforms) = preSolution
		Debug|Any CPU = Debug|Any CPU
		Release|Any CPU = Release|Any CPU
	EndGlobalSection
	GlobalSection(ProjectConfigurationPlatforms) = postSolution
		{473867EA-7AB1-403A-B52C-CE75167A11D5}.Debug|Any CPU.ActiveCfg = Debug|Any CPU
		{473867EA-7AB1-403A-B52C-CE75167A11D5}.Debug|Any CPU.Build.0 = Debug|Any CPU
		{473867EA-7AB1-403A-B52C-CE75167A11D5}.Release|Any CPU.ActiveCfg = Release|Any CPU
		{473867EA-7AB1-403A-B52C-CE75167A11D5}.Release|Any CPU.Build.0 = Release|Any CPU
		{DA4ED0DC-C625-4A10-97C0-7448C6920AB5}.Debug|Any CPU.ActiveCfg = Debug|Any CPU
		{DA4ED0DC-C625-4A10-97C0-7448C6920AB5}.Debug|Any CPU.Build.0 = Debug|Any CPU
		{DA4ED0DC-C625-4A10-97C0-7448C6920AB5}.Release|Any CPU.ActiveCfg = Release|Any CPU
		{DA4ED0DC-C625-4A10-97C0-7448C6920AB5}.Release|Any CPU.Build.0 = Release|Any CPU
		{7EE09A35-A389-4D6F-B92E-A72584AF5AAF}.Debug|Any CPU.ActiveCfg = Debug|Any CPU
		{7EE09A35-A389-4D6F-B92E-A72584AF5AAF}.Debug|Any CPU.Build.0 = Debug|Any CPU
		{7EE09A35-A389-4D6F-B92E-A72584AF5AAF}.Release|Any CPU.ActiveCfg = Release|Any CPU
		{7EE09A35-A389-4D6F-B92E-A72584AF5AAF}.Release|Any CPU.Build.0 = Release|Any CPU
	EndGlobalSection
	GlobalSection(SolutionProperties) = preSolution
		HideSolutionNode = FALSE
	EndGlobalSection
EndGlobal
