
Microsoft Visual Studio Solution File, Format Version 12.00
# Visual Studio 14
VisualStudioVersion = 14.0.24720.0
MinimumVisualStudioVersion = 10.0.40219.1
Project("{FAE04EC0-301F-11D3-BF4B-00C04F79EFBC}") = "Task01", "Task01\Task01.csproj", "{B36323B4-96D7-470A-88A4-1DD2C0CBA5CC}"
EndProject
Project("{FAE04EC0-301F-11D3-BF4B-00C04F79EFBC}") = "Task02", "Task02\Task02.csproj", "{CB5C9B0C-513A-4AAF-BFC0-DD4A6CC29C3E}"
EndProject
Project("{FAE04EC0-301F-11D3-BF4B-00C04F79EFBC}") = "Task04", "Task04\Task04.csproj", "{39224FFA-3E85-4623-908F-4D45461261A9}"
EndProject
Global
	GlobalSection(SolutionConfigurationPlatforms) = preSolution
		Debug|Any CPU = Debug|Any CPU
		Release|Any CPU = Release|Any CPU
	EndGlobalSection
	GlobalSection(ProjectConfigurationPlatforms) = postSolution
		{B36323B4-96D7-470A-88A4-1DD2C0CBA5CC}.Debug|Any CPU.ActiveCfg = Debug|Any CPU
		{B36323B4-96D7-470A-88A4-1DD2C0CBA5CC}.Debug|Any CPU.Build.0 = Debug|Any CPU
		{B36323B4-96D7-470A-88A4-1DD2C0CBA5CC}.Release|Any CPU.ActiveCfg = Release|Any CPU
		{B36323B4-96D7-470A-88A4-1DD2C0CBA5CC}.Release|Any CPU.Build.0 = Release|Any CPU
		{CB5C9B0C-513A-4AAF-BFC0-DD4A6CC29C3E}.Debug|Any CPU.ActiveCfg = Debug|Any CPU
		{CB5C9B0C-513A-4AAF-BFC0-DD4A6CC29C3E}.Debug|Any CPU.Build.0 = Debug|Any CPU
		{CB5C9B0C-513A-4AAF-BFC0-DD4A6CC29C3E}.Release|Any CPU.ActiveCfg = Release|Any CPU
		{CB5C9B0C-513A-4AAF-BFC0-DD4A6CC29C3E}.Release|Any CPU.Build.0 = Release|Any CPU
		{39224FFA-3E85-4623-908F-4D45461261A9}.Debug|Any CPU.ActiveCfg = Debug|Any CPU
		{39224FFA-3E85-4623-908F-4D45461261A9}.Debug|Any CPU.Build.0 = Debug|Any CPU
		{39224FFA-3E85-4623-908F-4D45461261A9}.Release|Any CPU.ActiveCfg = Release|Any CPU
		{39224FFA-3E85-4623-908F-4D45461261A9}.Release|Any CPU.Build.0 = Release|Any CPU
	EndGlobalSection
	GlobalSection(SolutionProperties) = preSolution
		HideSolutionNode = FALSE
	EndGlobalSection
EndGlobal
