
Microsoft Visual Studio Solution File, Format Version 12.00
# Visual Studio 2013
VisualStudioVersion = 12.0.30723.0
MinimumVisualStudioVersion = 10.0.40219.1
Project("{FAE04EC0-301F-11D3-BF4B-00C04F79EFBC}") = "Company.Data", "Company.Data\Company.Data.csproj", "{15ED235A-10AB-46CB-BC69-A6746DD6F861}"
EndProject
Project("{FAE04EC0-301F-11D3-BF4B-00C04F79EFBC}") = "Company.DataGenerator", "Company.DataGenerator\Company.DataGenerator.csproj", "{C713737D-ED08-444C-8A6E-696F05701AEA}"
EndProject
Global
	GlobalSection(SolutionConfigurationPlatforms) = preSolution
		Debug|Any CPU = Debug|Any CPU
		Release|Any CPU = Release|Any CPU
	EndGlobalSection
	GlobalSection(ProjectConfigurationPlatforms) = postSolution
		{15ED235A-10AB-46CB-BC69-A6746DD6F861}.Debug|Any CPU.ActiveCfg = Debug|Any CPU
		{15ED235A-10AB-46CB-BC69-A6746DD6F861}.Debug|Any CPU.Build.0 = Debug|Any CPU
		{15ED235A-10AB-46CB-BC69-A6746DD6F861}.Release|Any CPU.ActiveCfg = Release|Any CPU
		{15ED235A-10AB-46CB-BC69-A6746DD6F861}.Release|Any CPU.Build.0 = Release|Any CPU
		{C713737D-ED08-444C-8A6E-696F05701AEA}.Debug|Any CPU.ActiveCfg = Debug|Any CPU
		{C713737D-ED08-444C-8A6E-696F05701AEA}.Debug|Any CPU.Build.0 = Debug|Any CPU
		{C713737D-ED08-444C-8A6E-696F05701AEA}.Release|Any CPU.ActiveCfg = Release|Any CPU
		{C713737D-ED08-444C-8A6E-696F05701AEA}.Release|Any CPU.Build.0 = Release|Any CPU
	EndGlobalSection
	GlobalSection(SolutionProperties) = preSolution
		HideSolutionNode = FALSE
	EndGlobalSection
EndGlobal
