
Microsoft Visual Studio Solution File, Format Version 12.00
# Visual Studio 14
VisualStudioVersion = 14.0.24720.0
MinimumVisualStudioVersion = 10.0.40219.1
Project("{FAE04EC0-301F-11D3-BF4B-00C04F79EFBC}") = "Task01", "Task01\Task01.csproj", "{7D3C434E-4437-44C6-BE66-A0675E4A14B7}"
EndProject
Project("{FAE04EC0-301F-11D3-BF4B-00C04F79EFBC}") = "Task02", "Task02\Task02.csproj", "{58DF8EF8-EA65-4652-9591-FDCC21F4E274}"
EndProject
Project("{FAE04EC0-301F-11D3-BF4B-00C04F79EFBC}") = "Task03", "Task03\Task03.csproj", "{E2FAC170-ADE9-4424-BF8E-060C1021509F}"
EndProject
Global
	GlobalSection(SolutionConfigurationPlatforms) = preSolution
		Debug|Any CPU = Debug|Any CPU
		Release|Any CPU = Release|Any CPU
	EndGlobalSection
	GlobalSection(ProjectConfigurationPlatforms) = postSolution
		{7D3C434E-4437-44C6-BE66-A0675E4A14B7}.Debug|Any CPU.ActiveCfg = Debug|Any CPU
		{7D3C434E-4437-44C6-BE66-A0675E4A14B7}.Debug|Any CPU.Build.0 = Debug|Any CPU
		{7D3C434E-4437-44C6-BE66-A0675E4A14B7}.Release|Any CPU.ActiveCfg = Release|Any CPU
		{7D3C434E-4437-44C6-BE66-A0675E4A14B7}.Release|Any CPU.Build.0 = Release|Any CPU
		{58DF8EF8-EA65-4652-9591-FDCC21F4E274}.Debug|Any CPU.ActiveCfg = Debug|Any CPU
		{58DF8EF8-EA65-4652-9591-FDCC21F4E274}.Debug|Any CPU.Build.0 = Debug|Any CPU
		{58DF8EF8-EA65-4652-9591-FDCC21F4E274}.Release|Any CPU.ActiveCfg = Release|Any CPU
		{58DF8EF8-EA65-4652-9591-FDCC21F4E274}.Release|Any CPU.Build.0 = Release|Any CPU
		{E2FAC170-ADE9-4424-BF8E-060C1021509F}.Debug|Any CPU.ActiveCfg = Debug|Any CPU
		{E2FAC170-ADE9-4424-BF8E-060C1021509F}.Debug|Any CPU.Build.0 = Debug|Any CPU
		{E2FAC170-ADE9-4424-BF8E-060C1021509F}.Release|Any CPU.ActiveCfg = Release|Any CPU
		{E2FAC170-ADE9-4424-BF8E-060C1021509F}.Release|Any CPU.Build.0 = Release|Any CPU
	EndGlobalSection
	GlobalSection(SolutionProperties) = preSolution
		HideSolutionNode = FALSE
	EndGlobalSection
EndGlobal
