
Microsoft Visual Studio Solution File, Format Version 12.00
# Visual Studio 14
VisualStudioVersion = 14.0.24720.0
MinimumVisualStudioVersion = 10.0.40219.1
Project("{FAE04EC0-301F-11D3-BF4B-00C04F79EFBC}") = "Task 01 - 03", "Task01\Task 01 - 03.csproj", "{1915A84B-703F-4645-8BE1-1D1DF5B46867}"
EndProject
Project("{FAE04EC0-301F-11D3-BF4B-00C04F79EFBC}") = "Task 04", "Task04\Task 04.csproj", "{03109466-2E0D-424D-8BDC-9A9866B9E103}"
EndProject
Project("{FAE04EC0-301F-11D3-BF4B-00C04F79EFBC}") = "Task 05", "Task 05\Task 05.csproj", "{D6927A55-4ED0-46D0-88CF-247E525AD02F}"
EndProject
Global
	GlobalSection(SolutionConfigurationPlatforms) = preSolution
		Debug|Any CPU = Debug|Any CPU
		Release|Any CPU = Release|Any CPU
	EndGlobalSection
	GlobalSection(ProjectConfigurationPlatforms) = postSolution
		{1915A84B-703F-4645-8BE1-1D1DF5B46867}.Debug|Any CPU.ActiveCfg = Debug|Any CPU
		{1915A84B-703F-4645-8BE1-1D1DF5B46867}.Debug|Any CPU.Build.0 = Debug|Any CPU
		{1915A84B-703F-4645-8BE1-1D1DF5B46867}.Release|Any CPU.ActiveCfg = Release|Any CPU
		{1915A84B-703F-4645-8BE1-1D1DF5B46867}.Release|Any CPU.Build.0 = Release|Any CPU
		{03109466-2E0D-424D-8BDC-9A9866B9E103}.Debug|Any CPU.ActiveCfg = Debug|Any CPU
		{03109466-2E0D-424D-8BDC-9A9866B9E103}.Debug|Any CPU.Build.0 = Debug|Any CPU
		{03109466-2E0D-424D-8BDC-9A9866B9E103}.Release|Any CPU.ActiveCfg = Release|Any CPU
		{03109466-2E0D-424D-8BDC-9A9866B9E103}.Release|Any CPU.Build.0 = Release|Any CPU
		{D6927A55-4ED0-46D0-88CF-247E525AD02F}.Debug|Any CPU.ActiveCfg = Debug|Any CPU
		{D6927A55-4ED0-46D0-88CF-247E525AD02F}.Debug|Any CPU.Build.0 = Debug|Any CPU
		{D6927A55-4ED0-46D0-88CF-247E525AD02F}.Release|Any CPU.ActiveCfg = Release|Any CPU
		{D6927A55-4ED0-46D0-88CF-247E525AD02F}.Release|Any CPU.Build.0 = Release|Any CPU
	EndGlobalSection
	GlobalSection(SolutionProperties) = preSolution
		HideSolutionNode = FALSE
	EndGlobalSection
EndGlobal
