
Microsoft Visual Studio Solution File, Format Version 12.00
# Visual Studio 14
VisualStudioVersion = 14.0.24720.0
MinimumVisualStudioVersion = 10.0.40219.1
Project("{FAE04EC0-301F-11D3-BF4B-00C04F79EFBC}") = "Task01-04", "Task01\Task01-04.csproj", "{DE233C83-E7FA-4C53-86B1-93A6C3CB578E}"
EndProject
Project("{FAE04EC0-301F-11D3-BF4B-00C04F79EFBC}") = "Task05", "Task05\Task05.csproj", "{2F7CFB24-7FE4-45A5-A137-FF4D90643CE3}"
EndProject
Global
	GlobalSection(SolutionConfigurationPlatforms) = preSolution
		Debug|Any CPU = Debug|Any CPU
		Release|Any CPU = Release|Any CPU
	EndGlobalSection
	GlobalSection(ProjectConfigurationPlatforms) = postSolution
		{DE233C83-E7FA-4C53-86B1-93A6C3CB578E}.Debug|Any CPU.ActiveCfg = Debug|Any CPU
		{DE233C83-E7FA-4C53-86B1-93A6C3CB578E}.Debug|Any CPU.Build.0 = Debug|Any CPU
		{DE233C83-E7FA-4C53-86B1-93A6C3CB578E}.Release|Any CPU.ActiveCfg = Release|Any CPU
		{DE233C83-E7FA-4C53-86B1-93A6C3CB578E}.Release|Any CPU.Build.0 = Release|Any CPU
		{2F7CFB24-7FE4-45A5-A137-FF4D90643CE3}.Debug|Any CPU.ActiveCfg = Debug|Any CPU
		{2F7CFB24-7FE4-45A5-A137-FF4D90643CE3}.Debug|Any CPU.Build.0 = Debug|Any CPU
		{2F7CFB24-7FE4-45A5-A137-FF4D90643CE3}.Release|Any CPU.ActiveCfg = Release|Any CPU
		{2F7CFB24-7FE4-45A5-A137-FF4D90643CE3}.Release|Any CPU.Build.0 = Release|Any CPU
	EndGlobalSection
	GlobalSection(SolutionProperties) = preSolution
		HideSolutionNode = FALSE
	EndGlobalSection
EndGlobal
